
Microsoft Visual Studio Solution File, Format Version 12.00
# Visual Studio 15
VisualStudioVersion = 15.0.27130.2027
MinimumVisualStudioVersion = 10.0.40219.1
Project("{FAE04EC0-301F-11D3-BF4B-00C04F79EFBC}") = "HomeToWork API", "HomeToWork API\HomeToWork API.csproj", "{8688A435-648E-41F8-8B4B-AB20A0FBA02D}"
EndProject
Project("{FAE04EC0-301F-11D3-BF4B-00C04F79EFBC}") = "HomeToWork", "HomeToWork\HomeToWork.csproj", "{C175211A-F2E6-4ABE-B5B4-1E6D01848756}"
EndProject
Global
	GlobalSection(SolutionConfigurationPlatforms) = preSolution
		Debug|Any CPU = Debug|Any CPU
		Release|Any CPU = Release|Any CPU
	EndGlobalSection
	GlobalSection(ProjectConfigurationPlatforms) = postSolution
		{8688A435-648E-41F8-8B4B-AB20A0FBA02D}.Debug|Any CPU.ActiveCfg = Debug|Any CPU
		{8688A435-648E-41F8-8B4B-AB20A0FBA02D}.Debug|Any CPU.Build.0 = Debug|Any CPU
		{8688A435-648E-41F8-8B4B-AB20A0FBA02D}.Release|Any CPU.ActiveCfg = Release|Any CPU
		{8688A435-648E-41F8-8B4B-AB20A0FBA02D}.Release|Any CPU.Build.0 = Release|Any CPU
		{C175211A-F2E6-4ABE-B5B4-1E6D01848756}.Debug|Any CPU.ActiveCfg = Debug|Any CPU
		{C175211A-F2E6-4ABE-B5B4-1E6D01848756}.Debug|Any CPU.Build.0 = Debug|Any CPU
		{C175211A-F2E6-4ABE-B5B4-1E6D01848756}.Release|Any CPU.ActiveCfg = Release|Any CPU
		{C175211A-F2E6-4ABE-B5B4-1E6D01848756}.Release|Any CPU.Build.0 = Release|Any CPU
	EndGlobalSection
	GlobalSection(SolutionProperties) = preSolution
		HideSolutionNode = FALSE
	EndGlobalSection
	GlobalSection(ExtensibilityGlobals) = postSolution
		SolutionGuid = {FDA671C1-6BDF-4E7B-997C-93C2A088F2C1}
	EndGlobalSection
EndGlobal
